{
  "name": "cdktf-ecs-fargate-tokens",
  "version": "1.0.0",
  "lockfileVersion": 1,
  "requires": true,
  "dependencies": {
    "@types/node": {
      "version": "14.14.41",
      "resolved": "https://registry.npmjs.org/@types/node/-/node-14.14.41.tgz",
      "integrity": "sha512-dueRKfaJL4RTtSa7bWeTK1M+VH+Gns73oCgzvYfHZywRCoPSd8EkXBL0mZ9unPTveBn+D9phZBaxuzpwjWkW0g==",
      "dev": true
    },
    "cdktf": {
      "version": "0.2.2",
      "resolved": "https://registry.npmjs.org/cdktf/-/cdktf-0.2.2.tgz",
      "integrity": "sha512-SMiDV99ruSGhjBm+dj30XmtV20BKesjY75SGGB3sTcFeaqn5d1Gf8gAaG69QTm3zqI8SbYO12MDslkoX1BY5Zw==",
      "requires": {
        "json-stable-stringify": "^1.0.1"
      },
      "dependencies": {
        "json-stable-stringify": {
          "version": "1.0.1",
          "bundled": true,
          "requires": {
            "jsonify": "~0.0.0"
          }
        },
        "jsonify": {
          "version": "0.0.0",
          "bundled": true
        }
      }
    },
    "constructs": {
      "version": "3.3.71",
      "resolved": "https://registry.npmjs.org/constructs/-/constructs-3.3.71.tgz",
      "integrity": "sha512-3KFtTsA7OV27m/+pJhN4iJkKzHbPIPvyvEX5BQ/JCAWjfCHOQEVpIgxHLpT4i8L1OFta+pJrzcEVAHo6UitwqA=="
    },
    "typescript": {
      "version": "4.2.4",
      "resolved": "https://registry.npmjs.org/typescript/-/typescript-4.2.4.tgz",
      "integrity": "sha512-V+evlYHZnQkaz8TRBuxTA92yZBPotr5H+WhQ7bD3hZUndx5tGOa1fuCgeSjxAzM1RiN5IzvadIXTVefuuwZCRg==",
      "dev": true
    }
  }
}
